
Microsoft Visual Studio Solution File, Format Version 12.00
# Visual Studio Version 17
VisualStudioVersion = 17.3.32929.385
MinimumVisualStudioVersion = 10.0.40219.1
Project("{FAE04EC0-301F-11D3-BF4B-00C04F79EFBC}") = "IUstaProject", "IUstaProject\IUstaProject.csproj", "{E2140A32-EFE9-4E92-B44C-E8C53FDD0AE1}"
EndProject
Global
	GlobalSection(SolutionConfigurationPlatforms) = preSolution
		Debug|Any CPU = Debug|Any CPU
		Release|Any CPU = Release|Any CPU
	EndGlobalSection
	GlobalSection(ProjectConfigurationPlatforms) = postSolution
		{E2140A32-EFE9-4E92-B44C-E8C53FDD0AE1}.Debug|Any CPU.ActiveCfg = Debug|Any CPU
		{E2140A32-EFE9-4E92-B44C-E8C53FDD0AE1}.Debug|Any CPU.Build.0 = Debug|Any CPU
		{E2140A32-EFE9-4E92-B44C-E8C53FDD0AE1}.Release|Any CPU.ActiveCfg = Release|Any CPU
		{E2140A32-EFE9-4E92-B44C-E8C53FDD0AE1}.Release|Any CPU.Build.0 = Release|Any CPU
	EndGlobalSection
	GlobalSection(SolutionProperties) = preSolution
		HideSolutionNode = FALSE
	EndGlobalSection
	GlobalSection(ExtensibilityGlobals) = postSolution
		SolutionGuid = {395F47DE-E5A3-4DEF-826F-ECF9645E2E5D}
	EndGlobalSection
EndGlobal
